
Microsoft Visual Studio Solution File, Format Version 12.00
# Visual Studio 15
VisualStudioVersion = 15.0.28307.1062
MinimumVisualStudioVersion = 10.0.40219.1
Project("{E24C65DC-7377-472B-9ABA-BC803B73C61A}") = "Video_Proje", "Video_Proje\", "{E92B2930-180C-46C9-9375-E777A43A4706}"
	ProjectSection(WebsiteProperties) = preProject
		TargetFrameworkMoniker = ".NETFramework,Version%3Dv4.6.1"
		Debug.AspNetCompiler.VirtualPath = "/localhost_1159"
		Debug.AspNetCompiler.PhysicalPath = "Video_Proje\"
		Debug.AspNetCompiler.TargetPath = "PrecompiledWeb\localhost_1159\"
		Debug.AspNetCompiler.Updateable = "true"
		Debug.AspNetCompiler.ForceOverwrite = "true"
		Debug.AspNetCompiler.FixedNames = "false"
		Debug.AspNetCompiler.Debug = "True"
		Release.AspNetCompiler.VirtualPath = "/localhost_1159"
		Release.AspNetCompiler.PhysicalPath = "Video_Proje\"
		Release.AspNetCompiler.TargetPath = "PrecompiledWeb\localhost_1159\"
		Release.AspNetCompiler.Updateable = "true"
		Release.AspNetCompiler.ForceOverwrite = "true"
		Release.AspNetCompiler.FixedNames = "false"
		Release.AspNetCompiler.Debug = "False"
		VWDPort = "1159"
		DefaultWebSiteLanguage = "Visual C#"
	EndProjectSection
EndProject
Global
	GlobalSection(SolutionConfigurationPlatforms) = preSolution
		Debug|Any CPU = Debug|Any CPU
	EndGlobalSection
	GlobalSection(ProjectConfigurationPlatforms) = postSolution
		{E92B2930-180C-46C9-9375-E777A43A4706}.Debug|Any CPU.ActiveCfg = Debug|Any CPU
		{E92B2930-180C-46C9-9375-E777A43A4706}.Debug|Any CPU.Build.0 = Debug|Any CPU
	EndGlobalSection
	GlobalSection(SolutionProperties) = preSolution
		HideSolutionNode = FALSE
	EndGlobalSection
	GlobalSection(ExtensibilityGlobals) = postSolution
		SolutionGuid = {01244262-D98B-4EA7-9B70-A57D36329698}
	EndGlobalSection
EndGlobal
